
Microsoft Visual Studio Solution File, Format Version 12.00
# Visual Studio 15
VisualStudioVersion = 15.0.27130.2036
MinimumVisualStudioVersion = 10.0.40219.1
Project("{FAE04EC0-301F-11D3-BF4B-00C04F79EFBC}") = "MordheimBuilder", "MordheimBuilder.csproj", "{249B6778-C112-42F0-BB4D-365D5F0A3162}"
EndProject
Project("{2150E333-8FDC-42A3-9474-1A3956D46DE8}") = "01 Presentation", "01 Presentation", "{90697CC3-E94C-47A7-B3AD-ECA7489FCA9D}"
EndProject
Project("{FAE04EC0-301F-11D3-BF4B-00C04F79EFBC}") = "DomainModel", "..\DomainModel\DomainModel.csproj", "{D8ED204A-A5AE-44F6-AFE4-34CB6CB1A949}"
EndProject
Project("{2150E333-8FDC-42A3-9474-1A3956D46DE8}") = "10 Tests", "10 Tests", "{243BFF8A-1FC9-41C7-BC6B-28886D7386B1}"
EndProject
Project("{FAE04EC0-301F-11D3-BF4B-00C04F79EFBC}") = "DomainModel.Tests", "DomainModel.Tests\DomainModel.Tests.csproj", "{767E21F2-0950-4921-ADAC-5011DA461970}"
EndProject
Project("{2150E333-8FDC-42A3-9474-1A3956D46DE8}") = "02 Logic", "02 Logic", "{165743FD-912C-485A-8BDA-10DBA37B73DB}"
EndProject
Project("{2150E333-8FDC-42A3-9474-1A3956D46DE8}") = "03 Domain Model", "03 Domain Model", "{D648393C-25E2-43DB-8993-C3926E061C2C}"
EndProject
Project("{FAE04EC0-301F-11D3-BF4B-00C04F79EFBC}") = "MordheimBuilderLogic", "..\MordheimBuilderLogic\MordheimBuilderLogic.csproj", "{879D23F4-F09B-41CD-8EA7-ECAC0555BD8F}"
EndProject
Project("{2150E333-8FDC-42A3-9474-1A3956D46DE8}") = "04 DAL", "04 DAL", "{3C2F79AA-42FA-4973-8CCA-E30F5059819E}"
EndProject
Project("{FAE04EC0-301F-11D3-BF4B-00C04F79EFBC}") = "MordheimDal", "..\MordheimDal\MordheimDal.csproj", "{C5EFD9B7-ADF1-4C48-A0A5-F70607C7536D}"
EndProject
Project("{FAE04EC0-301F-11D3-BF4B-00C04F79EFBC}") = "MordheimDal.Tests", "..\MordheimDal.Tests\MordheimDal.Tests.csproj", "{C3E734C2-C280-4E44-9A64-8A051534385D}"
EndProject
Global
	GlobalSection(SolutionConfigurationPlatforms) = preSolution
		Debug|Any CPU = Debug|Any CPU
		Release|Any CPU = Release|Any CPU
	EndGlobalSection
	GlobalSection(ProjectConfigurationPlatforms) = postSolution
		{249B6778-C112-42F0-BB4D-365D5F0A3162}.Debug|Any CPU.ActiveCfg = Debug|Any CPU
		{249B6778-C112-42F0-BB4D-365D5F0A3162}.Debug|Any CPU.Build.0 = Debug|Any CPU
		{249B6778-C112-42F0-BB4D-365D5F0A3162}.Release|Any CPU.ActiveCfg = Release|Any CPU
		{249B6778-C112-42F0-BB4D-365D5F0A3162}.Release|Any CPU.Build.0 = Release|Any CPU
		{D8ED204A-A5AE-44F6-AFE4-34CB6CB1A949}.Debug|Any CPU.ActiveCfg = Debug|Any CPU
		{D8ED204A-A5AE-44F6-AFE4-34CB6CB1A949}.Debug|Any CPU.Build.0 = Debug|Any CPU
		{D8ED204A-A5AE-44F6-AFE4-34CB6CB1A949}.Release|Any CPU.ActiveCfg = Release|Any CPU
		{D8ED204A-A5AE-44F6-AFE4-34CB6CB1A949}.Release|Any CPU.Build.0 = Release|Any CPU
		{767E21F2-0950-4921-ADAC-5011DA461970}.Debug|Any CPU.ActiveCfg = Debug|Any CPU
		{767E21F2-0950-4921-ADAC-5011DA461970}.Debug|Any CPU.Build.0 = Debug|Any CPU
		{767E21F2-0950-4921-ADAC-5011DA461970}.Release|Any CPU.ActiveCfg = Release|Any CPU
		{767E21F2-0950-4921-ADAC-5011DA461970}.Release|Any CPU.Build.0 = Release|Any CPU
		{879D23F4-F09B-41CD-8EA7-ECAC0555BD8F}.Debug|Any CPU.ActiveCfg = Debug|Any CPU
		{879D23F4-F09B-41CD-8EA7-ECAC0555BD8F}.Debug|Any CPU.Build.0 = Debug|Any CPU
		{879D23F4-F09B-41CD-8EA7-ECAC0555BD8F}.Release|Any CPU.ActiveCfg = Release|Any CPU
		{879D23F4-F09B-41CD-8EA7-ECAC0555BD8F}.Release|Any CPU.Build.0 = Release|Any CPU
		{C5EFD9B7-ADF1-4C48-A0A5-F70607C7536D}.Debug|Any CPU.ActiveCfg = Debug|Any CPU
		{C5EFD9B7-ADF1-4C48-A0A5-F70607C7536D}.Debug|Any CPU.Build.0 = Debug|Any CPU
		{C5EFD9B7-ADF1-4C48-A0A5-F70607C7536D}.Release|Any CPU.ActiveCfg = Release|Any CPU
		{C5EFD9B7-ADF1-4C48-A0A5-F70607C7536D}.Release|Any CPU.Build.0 = Release|Any CPU
		{C3E734C2-C280-4E44-9A64-8A051534385D}.Debug|Any CPU.ActiveCfg = Debug|Any CPU
		{C3E734C2-C280-4E44-9A64-8A051534385D}.Debug|Any CPU.Build.0 = Debug|Any CPU
		{C3E734C2-C280-4E44-9A64-8A051534385D}.Release|Any CPU.ActiveCfg = Release|Any CPU
		{C3E734C2-C280-4E44-9A64-8A051534385D}.Release|Any CPU.Build.0 = Release|Any CPU
	EndGlobalSection
	GlobalSection(SolutionProperties) = preSolution
		HideSolutionNode = FALSE
	EndGlobalSection
	GlobalSection(NestedProjects) = preSolution
		{249B6778-C112-42F0-BB4D-365D5F0A3162} = {90697CC3-E94C-47A7-B3AD-ECA7489FCA9D}
		{D8ED204A-A5AE-44F6-AFE4-34CB6CB1A949} = {D648393C-25E2-43DB-8993-C3926E061C2C}
		{767E21F2-0950-4921-ADAC-5011DA461970} = {243BFF8A-1FC9-41C7-BC6B-28886D7386B1}
		{879D23F4-F09B-41CD-8EA7-ECAC0555BD8F} = {165743FD-912C-485A-8BDA-10DBA37B73DB}
		{C5EFD9B7-ADF1-4C48-A0A5-F70607C7536D} = {3C2F79AA-42FA-4973-8CCA-E30F5059819E}
		{C3E734C2-C280-4E44-9A64-8A051534385D} = {243BFF8A-1FC9-41C7-BC6B-28886D7386B1}
	EndGlobalSection
	GlobalSection(ExtensibilityGlobals) = postSolution
		SolutionGuid = {4FBEF319-5435-442F-B435-ED90BD46865E}
	EndGlobalSection
EndGlobal
